// !$*UTF8*$!
{
	archiveVersion = 1;
	classes = {
	};
	objectVersion = 51;
	objects = {

/* Begin PBXBuildFile section */
		00E432AAACB1A843D34F7C05 /* Pods_Stay_StayUITests.framework in Frameworks */ = {isa = PBXBuildFile; fileRef = B5D3412F1EE93746D024C6DC /* Pods_Stay_StayUITests.framework */; };
		559EDC9A9FDD6CF73F799DBC /* Pods_StayTests.framework in Frameworks */ = {isa = PBXBuildFile; fileRef = 2A4B7EA290DD2696200C838E /* Pods_StayTests.framework */; };
		74502EEC925706502D7E38B0 /* Pods_Stay.framework in Frameworks */ = {isa = PBXBuildFile; fileRef = F6FFE3ECFEE35339C32AB664 /* Pods_Stay.framework */; };
		A9383BE125A9DE0D00F803D2 /* AppDelegate.swift in Sources */ = {isa = PBXBuildFile; fileRef = A9383BE025A9DE0D00F803D2 /* AppDelegate.swift */; };
		A9383BE325A9DE0D00F803D2 /* SceneDelegate.swift in Sources */ = {isa = PBXBuildFile; fileRef = A9383BE225A9DE0D00F803D2 /* SceneDelegate.swift */; };
		A9383BE525A9DE0D00F803D2 /* HomeVC.swift in Sources */ = {isa = PBXBuildFile; fileRef = A9383BE425A9DE0D00F803D2 /* HomeVC.swift */; };
		A9383BE825A9DE0D00F803D2 /* Main.storyboard in Resources */ = {isa = PBXBuildFile; fileRef = A9383BE625A9DE0D00F803D2 /* Main.storyboard */; };
		A9383BEA25A9DE0E00F803D2 /* Assets.xcassets in Resources */ = {isa = PBXBuildFile; fileRef = A9383BE925A9DE0E00F803D2 /* Assets.xcassets */; };
		A9383BED25A9DE0E00F803D2 /* LaunchScreen.storyboard in Resources */ = {isa = PBXBuildFile; fileRef = A9383BEB25A9DE0E00F803D2 /* LaunchScreen.storyboard */; };
		A9383BF825A9DE0E00F803D2 /* StayTests.swift in Sources */ = {isa = PBXBuildFile; fileRef = A9383BF725A9DE0E00F803D2 /* StayTests.swift */; };
		A9383C0325A9DE0E00F803D2 /* StayUITests.swift in Sources */ = {isa = PBXBuildFile; fileRef = A9383C0225A9DE0E00F803D2 /* StayUITests.swift */; };
		A9383C2525AB077600F803D2 /* Calendar.storyboard in Resources */ = {isa = PBXBuildFile; fileRef = A9383C2425AB077600F803D2 /* Calendar.storyboard */; };
		A9383C3325AB2A8800F803D2 /* Friend.storyboard in Resources */ = {isa = PBXBuildFile; fileRef = A9383C3225AB2A8800F803D2 /* Friend.storyboard */; };
		A9383C3825AB2B0200F803D2 /* CalendarVC.swift in Sources */ = {isa = PBXBuildFile; fileRef = A9383C3725AB2B0200F803D2 /* CalendarVC.swift */; };
		A9383C3D25AB2B0E00F803D2 /* FriendVC.swift in Sources */ = {isa = PBXBuildFile; fileRef = A9383C3C25AB2B0E00F803D2 /* FriendVC.swift */; };
		A9383C4925AC059300F803D2 /* FriendTableViewCell.swift in Sources */ = {isa = PBXBuildFile; fileRef = A9383C4825AC059300F803D2 /* FriendTableViewCell.swift */; };
		A97B5CC425AF0A6A001932FD /* CalendarCell.swift in Sources */ = {isa = PBXBuildFile; fileRef = A97B5CC325AF0A6A001932FD /* CalendarCell.swift */; };
/* End PBXBuildFile section */

/* Begin PBXContainerItemProxy section */
		A9383BF425A9DE0E00F803D2 /* PBXContainerItemProxy */ = {
			isa = PBXContainerItemProxy;
			containerPortal = A9383BD525A9DE0D00F803D2 /* Project object */;
			proxyType = 1;
			remoteGlobalIDString = A9383BDC25A9DE0D00F803D2;
			remoteInfo = Stay;
		};
		A9383BFF25A9DE0E00F803D2 /* PBXContainerItemProxy */ = {
			isa = PBXContainerItemProxy;
			containerPortal = A9383BD525A9DE0D00F803D2 /* Project object */;
			proxyType = 1;
			remoteGlobalIDString = A9383BDC25A9DE0D00F803D2;
			remoteInfo = Stay;
		};
/* End PBXContainerItemProxy section */

/* Begin PBXFileReference section */
		0A04E6C063626E39D27139D2 /* Pods-StayTests.debug.xcconfig */ = {isa = PBXFileReference; includeInIndex = 1; lastKnownFileType = text.xcconfig; name = "Pods-StayTests.debug.xcconfig"; path = "Target Support Files/Pods-StayTests/Pods-StayTests.debug.xcconfig"; sourceTree = "<group>"; };
		2A4B7EA290DD2696200C838E /* Pods_StayTests.framework */ = {isa = PBXFileReference; explicitFileType = wrapper.framework; includeInIndex = 0; path = Pods_StayTests.framework; sourceTree = BUILT_PRODUCTS_DIR; };
		8D423DA40D269FC66DDC888A /* Pods-Stay.release.xcconfig */ = {isa = PBXFileReference; includeInIndex = 1; lastKnownFileType = text.xcconfig; name = "Pods-Stay.release.xcconfig"; path = "Target Support Files/Pods-Stay/Pods-Stay.release.xcconfig"; sourceTree = "<group>"; };
		9509A95E01E32AB341B37799 /* Pods-Stay-StayUITests.debug.xcconfig */ = {isa = PBXFileReference; includeInIndex = 1; lastKnownFileType = text.xcconfig; name = "Pods-Stay-StayUITests.debug.xcconfig"; path = "Target Support Files/Pods-Stay-StayUITests/Pods-Stay-StayUITests.debug.xcconfig"; sourceTree = "<group>"; };
		9BF2C5B0DF775E9DD965480F /* Pods-StayTests.release.xcconfig */ = {isa = PBXFileReference; includeInIndex = 1; lastKnownFileType = text.xcconfig; name = "Pods-StayTests.release.xcconfig"; path = "Target Support Files/Pods-StayTests/Pods-StayTests.release.xcconfig"; sourceTree = "<group>"; };
		A9383BDD25A9DE0D00F803D2 /* Stay.app */ = {isa = PBXFileReference; explicitFileType = wrapper.application; includeInIndex = 0; path = Stay.app; sourceTree = BUILT_PRODUCTS_DIR; };
		A9383BE025A9DE0D00F803D2 /* AppDelegate.swift */ = {isa = PBXFileReference; lastKnownFileType = sourcecode.swift; path = AppDelegate.swift; sourceTree = "<group>"; };
		A9383BE225A9DE0D00F803D2 /* SceneDelegate.swift */ = {isa = PBXFileReference; lastKnownFileType = sourcecode.swift; path = SceneDelegate.swift; sourceTree = "<group>"; };
		A9383BE425A9DE0D00F803D2 /* HomeVC.swift */ = {isa = PBXFileReference; lastKnownFileType = sourcecode.swift; path = HomeVC.swift; sourceTree = "<group>"; };
		A9383BE725A9DE0D00F803D2 /* Base */ = {isa = PBXFileReference; lastKnownFileType = file.storyboard; name = Base; path = Base.lproj/Main.storyboard; sourceTree = "<group>"; };
		A9383BE925A9DE0E00F803D2 /* Assets.xcassets */ = {isa = PBXFileReference; lastKnownFileType = folder.assetcatalog; path = Assets.xcassets; sourceTree = "<group>"; };
		A9383BEC25A9DE0E00F803D2 /* Base */ = {isa = PBXFileReference; lastKnownFileType = file.storyboard; name = Base; path = Base.lproj/LaunchScreen.storyboard; sourceTree = "<group>"; };
		A9383BEE25A9DE0E00F803D2 /* Info.plist */ = {isa = PBXFileReference; lastKnownFileType = text.plist.xml; path = Info.plist; sourceTree = "<group>"; };
		A9383BF325A9DE0E00F803D2 /* StayTests.xctest */ = {isa = PBXFileReference; explicitFileType = wrapper.cfbundle; includeInIndex = 0; path = StayTests.xctest; sourceTree = BUILT_PRODUCTS_DIR; };
		A9383BF725A9DE0E00F803D2 /* StayTests.swift */ = {isa = PBXFileReference; lastKnownFileType = sourcecode.swift; path = StayTests.swift; sourceTree = "<group>"; };
		A9383BF925A9DE0E00F803D2 /* Info.plist */ = {isa = PBXFileReference; lastKnownFileType = text.plist.xml; path = Info.plist; sourceTree = "<group>"; };
		A9383BFE25A9DE0E00F803D2 /* StayUITests.xctest */ = {isa = PBXFileReference; explicitFileType = wrapper.cfbundle; includeInIndex = 0; path = StayUITests.xctest; sourceTree = BUILT_PRODUCTS_DIR; };
		A9383C0225A9DE0E00F803D2 /* StayUITests.swift */ = {isa = PBXFileReference; lastKnownFileType = sourcecode.swift; path = StayUITests.swift; sourceTree = "<group>"; };
		A9383C0425A9DE0E00F803D2 /* Info.plist */ = {isa = PBXFileReference; lastKnownFileType = text.plist.xml; path = Info.plist; sourceTree = "<group>"; };
		A9383C2425AB077600F803D2 /* Calendar.storyboard */ = {isa = PBXFileReference; lastKnownFileType = file.storyboard; path = Calendar.storyboard; sourceTree = "<group>"; };
		A9383C3225AB2A8800F803D2 /* Friend.storyboard */ = {isa = PBXFileReference; lastKnownFileType = file.storyboard; path = Friend.storyboard; sourceTree = "<group>"; };
		A9383C3725AB2B0200F803D2 /* CalendarVC.swift */ = {isa = PBXFileReference; lastKnownFileType = sourcecode.swift; path = CalendarVC.swift; sourceTree = "<group>"; };
		A9383C3C25AB2B0E00F803D2 /* FriendVC.swift */ = {isa = PBXFileReference; lastKnownFileType = sourcecode.swift; path = FriendVC.swift; sourceTree = "<group>"; };
		A9383C4825AC059300F803D2 /* FriendTableViewCell.swift */ = {isa = PBXFileReference; lastKnownFileType = sourcecode.swift; path = FriendTableViewCell.swift; sourceTree = "<group>"; };
		A97B5CC325AF0A6A001932FD /* CalendarCell.swift */ = {isa = PBXFileReference; lastKnownFileType = sourcecode.swift; path = CalendarCell.swift; sourceTree = "<group>"; };
		B5D3412F1EE93746D024C6DC /* Pods_Stay_StayUITests.framework */ = {isa = PBXFileReference; explicitFileType = wrapper.framework; includeInIndex = 0; path = Pods_Stay_StayUITests.framework; sourceTree = BUILT_PRODUCTS_DIR; };
		BB6D9E1C17A776CE2497364C /* Pods-Stay.debug.xcconfig */ = {isa = PBXFileReference; includeInIndex = 1; lastKnownFileType = text.xcconfig; name = "Pods-Stay.debug.xcconfig"; path = "Target Support Files/Pods-Stay/Pods-Stay.debug.xcconfig"; sourceTree = "<group>"; };
		DBBE744DA31116500434D629 /* Pods-Stay-StayUITests.release.xcconfig */ = {isa = PBXFileReference; includeInIndex = 1; lastKnownFileType = text.xcconfig; name = "Pods-Stay-StayUITests.release.xcconfig"; path = "Target Support Files/Pods-Stay-StayUITests/Pods-Stay-StayUITests.release.xcconfig"; sourceTree = "<group>"; };
		F6FFE3ECFEE35339C32AB664 /* Pods_Stay.framework */ = {isa = PBXFileReference; explicitFileType = wrapper.framework; includeInIndex = 0; path = Pods_Stay.framework; sourceTree = BUILT_PRODUCTS_DIR; };
/* End PBXFileReference section */

/* Begin PBXFrameworksBuildPhase section */
		A9383BDA25A9DE0D00F803D2 /* Frameworks */ = {
			isa = PBXFrameworksBuildPhase;
			buildActionMask = 2147483647;
			files = (
				74502EEC925706502D7E38B0 /* Pods_Stay.framework in Frameworks */,
			);
			runOnlyForDeploymentPostprocessing = 0;
		};
		A9383BF025A9DE0E00F803D2 /* Frameworks */ = {
			isa = PBXFrameworksBuildPhase;
			buildActionMask = 2147483647;
			files = (
				559EDC9A9FDD6CF73F799DBC /* Pods_StayTests.framework in Frameworks */,
			);
			runOnlyForDeploymentPostprocessing = 0;
		};
		A9383BFB25A9DE0E00F803D2 /* Frameworks */ = {
			isa = PBXFrameworksBuildPhase;
			buildActionMask = 2147483647;
			files = (
				00E432AAACB1A843D34F7C05 /* Pods_Stay_StayUITests.framework in Frameworks */,
			);
			runOnlyForDeploymentPostprocessing = 0;
		};
/* End PBXFrameworksBuildPhase section */

/* Begin PBXGroup section */
		522C8B5AC4D4BBABEA6D246A /* Pods */ = {
			isa = PBXGroup;
			children = (
				BB6D9E1C17A776CE2497364C /* Pods-Stay.debug.xcconfig */,
				8D423DA40D269FC66DDC888A /* Pods-Stay.release.xcconfig */,
				9509A95E01E32AB341B37799 /* Pods-Stay-StayUITests.debug.xcconfig */,
				DBBE744DA31116500434D629 /* Pods-Stay-StayUITests.release.xcconfig */,
				0A04E6C063626E39D27139D2 /* Pods-StayTests.debug.xcconfig */,
				9BF2C5B0DF775E9DD965480F /* Pods-StayTests.release.xcconfig */,
			);
			path = Pods;
			sourceTree = "<group>";
		};
		7C5F4FEC760913D41457C738 /* Frameworks */ = {
			isa = PBXGroup;
			children = (
				F6FFE3ECFEE35339C32AB664 /* Pods_Stay.framework */,
				B5D3412F1EE93746D024C6DC /* Pods_Stay_StayUITests.framework */,
				2A4B7EA290DD2696200C838E /* Pods_StayTests.framework */,
			);
			name = Frameworks;
			sourceTree = "<group>";
		};
		A9383BD425A9DE0D00F803D2 = {
			isa = PBXGroup;
			children = (
				A9383BDF25A9DE0D00F803D2 /* Stay */,
				A9383BF625A9DE0E00F803D2 /* StayTests */,
				A9383C0125A9DE0E00F803D2 /* StayUITests */,
				A9383BDE25A9DE0D00F803D2 /* Products */,
				522C8B5AC4D4BBABEA6D246A /* Pods */,
				7C5F4FEC760913D41457C738 /* Frameworks */,
			);
			sourceTree = "<group>";
		};
		A9383BDE25A9DE0D00F803D2 /* Products */ = {
			isa = PBXGroup;
			children = (
				A9383BDD25A9DE0D00F803D2 /* Stay.app */,
				A9383BF325A9DE0E00F803D2 /* StayTests.xctest */,
				A9383BFE25A9DE0E00F803D2 /* StayUITests.xctest */,
			);
			name = Products;
			sourceTree = "<group>";
		};
		A9383BDF25A9DE0D00F803D2 /* Stay */ = {
			isa = PBXGroup;
			children = (
				A9383C5025AC084300F803D2 /* Model */,
				A9383C4725AC056B00F803D2 /* View */,
				A9383C2025AB075000F803D2 /* Storyboard */,
				A9383C1F25AB074500F803D2 /* ViewController */,
				A9383BE025A9DE0D00F803D2 /* AppDelegate.swift */,
				A9383BE225A9DE0D00F803D2 /* SceneDelegate.swift */,
				A9383BE925A9DE0E00F803D2 /* Assets.xcassets */,
				A9383BEB25A9DE0E00F803D2 /* LaunchScreen.storyboard */,
				A9383BEE25A9DE0E00F803D2 /* Info.plist */,
			);
			path = Stay;
			sourceTree = "<group>";
		};
		A9383BF625A9DE0E00F803D2 /* StayTests */ = {
			isa = PBXGroup;
			children = (
				A9383BF725A9DE0E00F803D2 /* StayTests.swift */,
				A9383BF925A9DE0E00F803D2 /* Info.plist */,
			);
			path = StayTests;
			sourceTree = "<group>";
		};
		A9383C0125A9DE0E00F803D2 /* StayUITests */ = {
			isa = PBXGroup;
			children = (
				A9383C0225A9DE0E00F803D2 /* StayUITests.swift */,
				A9383C0425A9DE0E00F803D2 /* Info.plist */,
			);
			path = StayUITests;
			sourceTree = "<group>";
		};
		A9383C1F25AB074500F803D2 /* ViewController */ = {
			isa = PBXGroup;
			children = (
				A9383BE425A9DE0D00F803D2 /* HomeVC.swift */,
				A9383C3725AB2B0200F803D2 /* CalendarVC.swift */,
				A9383C3C25AB2B0E00F803D2 /* FriendVC.swift */,
			);
			path = ViewController;
			sourceTree = "<group>";
		};
		A9383C2025AB075000F803D2 /* Storyboard */ = {
			isa = PBXGroup;
			children = (
				A9383BE625A9DE0D00F803D2 /* Main.storyboard */,
				A9383C2425AB077600F803D2 /* Calendar.storyboard */,
				A9383C3225AB2A8800F803D2 /* Friend.storyboard */,
			);
			path = Storyboard;
			sourceTree = "<group>";
		};
		A9383C4725AC056B00F803D2 /* View */ = {
			isa = PBXGroup;
			children = (
				A9383C4825AC059300F803D2 /* FriendTableViewCell.swift */,
				A97B5CC325AF0A6A001932FD /* CalendarCell.swift */,
			);
			path = View;
			sourceTree = "<group>";
		};
		A9383C5025AC084300F803D2 /* Model */ = {
			isa = PBXGroup;
			children = (
			);
			path = Model;
			sourceTree = "<group>";
		};
/* End PBXGroup section */

/* Begin PBXNativeTarget section */
		A9383BDC25A9DE0D00F803D2 /* Stay */ = {
			isa = PBXNativeTarget;
			buildConfigurationList = A9383C0725A9DE0E00F803D2 /* Build configuration list for PBXNativeTarget "Stay" */;
			buildPhases = (
				640B324A1B269C9773EB07A8 /* [CP] Check Pods Manifest.lock */,
				A9383BD925A9DE0D00F803D2 /* Sources */,
				A9383BDA25A9DE0D00F803D2 /* Frameworks */,
				A9383BDB25A9DE0D00F803D2 /* Resources */,
				CBB704DA9437DB79F92DAABB /* [CP] Embed Pods Frameworks */,
			);
			buildRules = (
			);
			dependencies = (
			);
			name = Stay;
			productName = Stay;
			productReference = A9383BDD25A9DE0D00F803D2 /* Stay.app */;
			productType = "com.apple.product-type.application";
		};
		A9383BF225A9DE0E00F803D2 /* StayTests */ = {
			isa = PBXNativeTarget;
			buildConfigurationList = A9383C0A25A9DE0E00F803D2 /* Build configuration list for PBXNativeTarget "StayTests" */;
			buildPhases = (
				122E0BB3866614F7DE840C8A /* [CP] Check Pods Manifest.lock */,
				A9383BEF25A9DE0E00F803D2 /* Sources */,
				A9383BF025A9DE0E00F803D2 /* Frameworks */,
				A9383BF125A9DE0E00F803D2 /* Resources */,
			);
			buildRules = (
			);
			dependencies = (
				A9383BF525A9DE0E00F803D2 /* PBXTargetDependency */,
			);
			name = StayTests;
			productName = StayTests;
			productReference = A9383BF325A9DE0E00F803D2 /* StayTests.xctest */;
			productType = "com.apple.product-type.bundle.unit-test";
		};
		A9383BFD25A9DE0E00F803D2 /* StayUITests */ = {
			isa = PBXNativeTarget;
			buildConfigurationList = A9383C0D25A9DE0E00F803D2 /* Build configuration list for PBXNativeTarget "StayUITests" */;
			buildPhases = (
				177026F71414A0BC398275D9 /* [CP] Check Pods Manifest.lock */,
				A9383BFA25A9DE0E00F803D2 /* Sources */,
				A9383BFB25A9DE0E00F803D2 /* Frameworks */,
				A9383BFC25A9DE0E00F803D2 /* Resources */,
				A2DA4AB60EB2B52834D06CA5 /* [CP] Embed Pods Frameworks */,
			);
			buildRules = (
			);
			dependencies = (
				A9383C0025A9DE0E00F803D2 /* PBXTargetDependency */,
			);
			name = StayUITests;
			productName = StayUITests;
			productReference = A9383BFE25A9DE0E00F803D2 /* StayUITests.xctest */;
			productType = "com.apple.product-type.bundle.ui-testing";
		};
/* End PBXNativeTarget section */

/* Begin PBXProject section */
		A9383BD525A9DE0D00F803D2 /* Project object */ = {
			isa = PBXProject;
			attributes = {
				LastSwiftUpdateCheck = 1230;
				LastUpgradeCheck = 1230;
				TargetAttributes = {
					A9383BDC25A9DE0D00F803D2 = {
						CreatedOnToolsVersion = 12.3;
					};
					A9383BF225A9DE0E00F803D2 = {
						CreatedOnToolsVersion = 12.3;
						TestTargetID = A9383BDC25A9DE0D00F803D2;
					};
					A9383BFD25A9DE0E00F803D2 = {
						CreatedOnToolsVersion = 12.3;
						TestTargetID = A9383BDC25A9DE0D00F803D2;
					};
				};
			};
			buildConfigurationList = A9383BD825A9DE0D00F803D2 /* Build configuration list for PBXProject "Stay" */;
			compatibilityVersion = "Xcode 9.3";
			developmentRegion = en;
			hasScannedForEncodings = 0;
			knownRegions = (
				en,
				Base,
			);
			mainGroup = A9383BD425A9DE0D00F803D2;
			productRefGroup = A9383BDE25A9DE0D00F803D2 /* Products */;
			projectDirPath = "";
			projectRoot = "";
			targets = (
				A9383BDC25A9DE0D00F803D2 /* Stay */,
				A9383BF225A9DE0E00F803D2 /* StayTests */,
				A9383BFD25A9DE0E00F803D2 /* StayUITests */,
			);
		};
/* End PBXProject section */

/* Begin PBXResourcesBuildPhase section */
		A9383BDB25A9DE0D00F803D2 /* Resources */ = {
			isa = PBXResourcesBuildPhase;
			buildActionMask = 2147483647;
			files = (
				A9383C2525AB077600F803D2 /* Calendar.storyboard in Resources */,
				A9383BED25A9DE0E00F803D2 /* LaunchScreen.storyboard in Resources */,
				A9383C3325AB2A8800F803D2 /* Friend.storyboard in Resources */,
				A9383BEA25A9DE0E00F803D2 /* Assets.xcassets in Resources */,
				A9383BE825A9DE0D00F803D2 /* Main.storyboard in Resources */,
			);
			runOnlyForDeploymentPostprocessing = 0;
		};
		A9383BF125A9DE0E00F803D2 /* Resources */ = {
			isa = PBXResourcesBuildPhase;
			buildActionMask = 2147483647;
			files = (
			);
			runOnlyForDeploymentPostprocessing = 0;
		};
		A9383BFC25A9DE0E00F803D2 /* Resources */ = {
			isa = PBXResourcesBuildPhase;
			buildActionMask = 2147483647;
			files = (
			);
			runOnlyForDeploymentPostprocessing = 0;
		};
/* End PBXResourcesBuildPhase section */

/* Begin PBXShellScriptBuildPhase section */
		122E0BB3866614F7DE840C8A /* [CP] Check Pods Manifest.lock */ = {
			isa = PBXShellScriptBuildPhase;
			buildActionMask = 2147483647;
			files = (
			);
			inputFileListPaths = (
			);
			inputPaths = (
				"${PODS_PODFILE_DIR_PATH}/Podfile.lock",
				"${PODS_ROOT}/Manifest.lock",
			);
			name = "[CP] Check Pods Manifest.lock";
			outputFileListPaths = (
			);
			outputPaths = (
				"$(DERIVED_FILE_DIR)/Pods-StayTests-checkManifestLockResult.txt",
			);
			runOnlyForDeploymentPostprocessing = 0;
			shellPath = /bin/sh;
			shellScript = "diff \"${PODS_PODFILE_DIR_PATH}/Podfile.lock\" \"${PODS_ROOT}/Manifest.lock\" > /dev/null\nif [ $? != 0 ] ; then\n    # print error to STDERR\n    echo \"error: The sandbox is not in sync with the Podfile.lock. Run 'pod install' or update your CocoaPods installation.\" >&2\n    exit 1\nfi\n# This output is used by Xcode 'outputs' to avoid re-running this script phase.\necho \"SUCCESS\" > \"${SCRIPT_OUTPUT_FILE_0}\"\n";
			showEnvVarsInLog = 0;
		};
		177026F71414A0BC398275D9 /* [CP] Check Pods Manifest.lock */ = {
			isa = PBXShellScriptBuildPhase;
			buildActionMask = 2147483647;
			files = (
			);
			inputFileListPaths = (
			);
			inputPaths = (
				"${PODS_PODFILE_DIR_PATH}/Podfile.lock",
				"${PODS_ROOT}/Manifest.lock",
			);
			name = "[CP] Check Pods Manifest.lock";
			outputFileListPaths = (
			);
			outputPaths = (
				"$(DERIVED_FILE_DIR)/Pods-Stay-StayUITests-checkManifestLockResult.txt",
			);
			runOnlyForDeploymentPostprocessing = 0;
			shellPath = /bin/sh;
			shellScript = "diff \"${PODS_PODFILE_DIR_PATH}/Podfile.lock\" \"${PODS_ROOT}/Manifest.lock\" > /dev/null\nif [ $? != 0 ] ; then\n    # print error to STDERR\n    echo \"error: The sandbox is not in sync with the Podfile.lock. Run 'pod install' or update your CocoaPods installation.\" >&2\n    exit 1\nfi\n# This output is used by Xcode 'outputs' to avoid re-running this script phase.\necho \"SUCCESS\" > \"${SCRIPT_OUTPUT_FILE_0}\"\n";
			showEnvVarsInLog = 0;
		};
		640B324A1B269C9773EB07A8 /* [CP] Check Pods Manifest.lock */ = {
			isa = PBXShellScriptBuildPhase;
			buildActionMask = 2147483647;
			files = (
			);
			inputFileListPaths = (
			);
			inputPaths = (
				"${PODS_PODFILE_DIR_PATH}/Podfile.lock",
				"${PODS_ROOT}/Manifest.lock",
			);
			name = "[CP] Check Pods Manifest.lock";
			outputFileListPaths = (
			);
			outputPaths = (
				"$(DERIVED_FILE_DIR)/Pods-Stay-checkManifestLockResult.txt",
			);
			runOnlyForDeploymentPostprocessing = 0;
			shellPath = /bin/sh;
			shellScript = "diff \"${PODS_PODFILE_DIR_PATH}/Podfile.lock\" \"${PODS_ROOT}/Manifest.lock\" > /dev/null\nif [ $? != 0 ] ; then\n    # print error to STDERR\n    echo \"error: The sandbox is not in sync with the Podfile.lock. Run 'pod install' or update your CocoaPods installation.\" >&2\n    exit 1\nfi\n# This output is used by Xcode 'outputs' to avoid re-running this script phase.\necho \"SUCCESS\" > \"${SCRIPT_OUTPUT_FILE_0}\"\n";
			showEnvVarsInLog = 0;
		};
		A2DA4AB60EB2B52834D06CA5 /* [CP] Embed Pods Frameworks */ = {
			isa = PBXShellScriptBuildPhase;
			buildActionMask = 2147483647;
			files = (
			);
			inputFileListPaths = (
				"${PODS_ROOT}/Target Support Files/Pods-Stay-StayUITests/Pods-Stay-StayUITests-frameworks-${CONFIGURATION}-input-files.xcfilelist",
			);
			name = "[CP] Embed Pods Frameworks";
			outputFileListPaths = (
				"${PODS_ROOT}/Target Support Files/Pods-Stay-StayUITests/Pods-Stay-StayUITests-frameworks-${CONFIGURATION}-output-files.xcfilelist",
			);
			runOnlyForDeploymentPostprocessing = 0;
			shellPath = /bin/sh;
			shellScript = "\"${PODS_ROOT}/Target Support Files/Pods-Stay-StayUITests/Pods-Stay-StayUITests-frameworks.sh\"\n";
			showEnvVarsInLog = 0;
		};
		CBB704DA9437DB79F92DAABB /* [CP] Embed Pods Frameworks */ = {
			isa = PBXShellScriptBuildPhase;
			buildActionMask = 2147483647;
			files = (
			);
			inputFileListPaths = (
				"${PODS_ROOT}/Target Support Files/Pods-Stay/Pods-Stay-frameworks-${CONFIGURATION}-input-files.xcfilelist",
			);
			name = "[CP] Embed Pods Frameworks";
			outputFileListPaths = (
				"${PODS_ROOT}/Target Support Files/Pods-Stay/Pods-Stay-frameworks-${CONFIGURATION}-output-files.xcfilelist",
			);
			runOnlyForDeploymentPostprocessing = 0;
			shellPath = /bin/sh;
			shellScript = "\"${PODS_ROOT}/Target Support Files/Pods-Stay/Pods-Stay-frameworks.sh\"\n";
			showEnvVarsInLog = 0;
		};
/* End PBXShellScriptBuildPhase section */

/* Begin PBXSourcesBuildPhase section */
		A9383BD925A9DE0D00F803D2 /* Sources */ = {
			isa = PBXSourcesBuildPhase;
			buildActionMask = 2147483647;
			files = (
				A9383BE525A9DE0D00F803D2 /* HomeVC.swift in Sources */,
				A97B5CC425AF0A6A001932FD /* CalendarCell.swift in Sources */,
				A9383C3D25AB2B0E00F803D2 /* FriendVC.swift in Sources */,
				A9383BE125A9DE0D00F803D2 /* AppDelegate.swift in Sources */,
				A9383C4925AC059300F803D2 /* FriendTableViewCell.swift in Sources */,
				A9383C3825AB2B0200F803D2 /* CalendarVC.swift in Sources */,
				A9383BE325A9DE0D00F803D2 /* SceneDelegate.swift in Sources */,
			);
			runOnlyForDeploymentPostprocessing = 0;
		};
		A9383BEF25A9DE0E00F803D2 /* Sources */ = {
			isa = PBXSourcesBuildPhase;
			buildActionMask = 2147483647;
			files = (
				A9383BF825A9DE0E00F803D2 /* StayTests.swift in Sources */,
			);
			runOnlyForDeploymentPostprocessing = 0;
		};
		A9383BFA25A9DE0E00F803D2 /* Sources */ = {
			isa = PBXSourcesBuildPhase;
			buildActionMask = 2147483647;
			files = (
				A9383C0325A9DE0E00F803D2 /* StayUITests.swift in Sources */,
			);
			runOnlyForDeploymentPostprocessing = 0;
		};
/* End PBXSourcesBuildPhase section */

/* Begin PBXTargetDependency section */
		A9383BF525A9DE0E00F803D2 /* PBXTargetDependency */ = {
			isa = PBXTargetDependency;
			target = A9383BDC25A9DE0D00F803D2 /* Stay */;
			targetProxy = A9383BF425A9DE0E00F803D2 /* PBXContainerItemProxy */;
		};
		A9383C0025A9DE0E00F803D2 /* PBXTargetDependency */ = {
			isa = PBXTargetDependency;
			target = A9383BDC25A9DE0D00F803D2 /* Stay */;
			targetProxy = A9383BFF25A9DE0E00F803D2 /* PBXContainerItemProxy */;
		};
/* End PBXTargetDependency section */

/* Begin PBXVariantGroup section */
		A9383BE625A9DE0D00F803D2 /* Main.storyboard */ = {
			isa = PBXVariantGroup;
			children = (
				A9383BE725A9DE0D00F803D2 /* Base */,
			);
			name = Main.storyboard;
			sourceTree = "<group>";
		};
		A9383BEB25A9DE0E00F803D2 /* LaunchScreen.storyboard */ = {
			isa = PBXVariantGroup;
			children = (
				A9383BEC25A9DE0E00F803D2 /* Base */,
			);
			name = LaunchScreen.storyboard;
			sourceTree = "<group>";
		};
/* End PBXVariantGroup section */

/* Begin XCBuildConfiguration section */
		A9383C0525A9DE0E00F803D2 /* Debug */ = {
			isa = XCBuildConfiguration;
			buildSettings = {
				ALWAYS_SEARCH_USER_PATHS = NO;
				CLANG_ANALYZER_NONNULL = YES;
				CLANG_ANALYZER_NUMBER_OBJECT_CONVERSION = YES_AGGRESSIVE;
				CLANG_CXX_LANGUAGE_STANDARD = "gnu++14";
				CLANG_CXX_LIBRARY = "libc++";
				CLANG_ENABLE_MODULES = YES;
				CLANG_ENABLE_OBJC_ARC = YES;
				CLANG_ENABLE_OBJC_WEAK = YES;
				CLANG_WARN_BLOCK_CAPTURE_AUTORELEASING = YES;
				CLANG_WARN_BOOL_CONVERSION = YES;
				CLANG_WARN_COMMA = YES;
				CLANG_WARN_CONSTANT_CONVERSION = YES;
				CLANG_WARN_DEPRECATED_OBJC_IMPLEMENTATIONS = YES;
				CLANG_WARN_DIRECT_OBJC_ISA_USAGE = YES_ERROR;
				CLANG_WARN_DOCUMENTATION_COMMENTS = YES;
				CLANG_WARN_EMPTY_BODY = YES;
				CLANG_WARN_ENUM_CONVERSION = YES;
				CLANG_WARN_INFINITE_RECURSION = YES;
				CLANG_WARN_INT_CONVERSION = YES;
				CLANG_WARN_NON_LITERAL_NULL_CONVERSION = YES;
				CLANG_WARN_OBJC_IMPLICIT_RETAIN_SELF = YES;
				CLANG_WARN_OBJC_LITERAL_CONVERSION = YES;
				CLANG_WARN_OBJC_ROOT_CLASS = YES_ERROR;
				CLANG_WARN_QUOTED_INCLUDE_IN_FRAMEWORK_HEADER = YES;
				CLANG_WARN_RANGE_LOOP_ANALYSIS = YES;
				CLANG_WARN_STRICT_PROTOTYPES = YES;
				CLANG_WARN_SUSPICIOUS_MOVE = YES;
				CLANG_WARN_UNGUARDED_AVAILABILITY = YES_AGGRESSIVE;
				CLANG_WARN_UNREACHABLE_CODE = YES;
				CLANG_WARN__DUPLICATE_METHOD_MATCH = YES;
				COPY_PHASE_STRIP = NO;
				DEBUG_INFORMATION_FORMAT = dwarf;
				ENABLE_STRICT_OBJC_MSGSEND = YES;
				ENABLE_TESTABILITY = YES;
				GCC_C_LANGUAGE_STANDARD = gnu11;
				GCC_DYNAMIC_NO_PIC = NO;
				GCC_NO_COMMON_BLOCKS = YES;
				GCC_OPTIMIZATION_LEVEL = 0;
				GCC_PREPROCESSOR_DEFINITIONS = (
					"DEBUG=1",
					"$(inherited)",
				);
				GCC_WARN_64_TO_32_BIT_CONVERSION = YES;
				GCC_WARN_ABOUT_RETURN_TYPE = YES_ERROR;
				GCC_WARN_UNDECLARED_SELECTOR = YES;
				GCC_WARN_UNINITIALIZED_AUTOS = YES_AGGRESSIVE;
				GCC_WARN_UNUSED_FUNCTION = YES;
				GCC_WARN_UNUSED_VARIABLE = YES;
				IPHONEOS_DEPLOYMENT_TARGET = 14.3;
				MTL_ENABLE_DEBUG_INFO = INCLUDE_SOURCE;
				MTL_FAST_MATH = YES;
				ONLY_ACTIVE_ARCH = YES;
				SDKROOT = iphoneos;
				SWIFT_ACTIVE_COMPILATION_CONDITIONS = DEBUG;
				SWIFT_OPTIMIZATION_LEVEL = "-Onone";
			};
			name = Debug;
		};
		A9383C0625A9DE0E00F803D2 /* Release */ = {
			isa = XCBuildConfiguration;
			buildSettings = {
				ALWAYS_SEARCH_USER_PATHS = NO;
				CLANG_ANALYZER_NONNULL = YES;
				CLANG_ANALYZER_NUMBER_OBJECT_CONVERSION = YES_AGGRESSIVE;
				CLANG_CXX_LANGUAGE_STANDARD = "gnu++14";
				CLANG_CXX_LIBRARY = "libc++";
				CLANG_ENABLE_MODULES = YES;
				CLANG_ENABLE_OBJC_ARC = YES;
				CLANG_ENABLE_OBJC_WEAK = YES;
				CLANG_WARN_BLOCK_CAPTURE_AUTORELEASING = YES;
				CLANG_WARN_BOOL_CONVERSION = YES;
				CLANG_WARN_COMMA = YES;
				CLANG_WARN_CONSTANT_CONVERSION = YES;
				CLANG_WARN_DEPRECATED_OBJC_IMPLEMENTATIONS = YES;
				CLANG_WARN_DIRECT_OBJC_ISA_USAGE = YES_ERROR;
				CLANG_WARN_DOCUMENTATION_COMMENTS = YES;
				CLANG_WARN_EMPTY_BODY = YES;
				CLANG_WARN_ENUM_CONVERSION = YES;
				CLANG_WARN_INFINITE_RECURSION = YES;
				CLANG_WARN_INT_CONVERSION = YES;
				CLANG_WARN_NON_LITERAL_NULL_CONVERSION = YES;
				CLANG_WARN_OBJC_IMPLICIT_RETAIN_SELF = YES;
				CLANG_WARN_OBJC_LITERAL_CONVERSION = YES;
				CLANG_WARN_OBJC_ROOT_CLASS = YES_ERROR;
				CLANG_WARN_QUOTED_INCLUDE_IN_FRAMEWORK_HEADER = YES;
				CLANG_WARN_RANGE_LOOP_ANALYSIS = YES;
				CLANG_WARN_STRICT_PROTOTYPES = YES;
				CLANG_WARN_SUSPICIOUS_MOVE = YES;
				CLANG_WARN_UNGUARDED_AVAILABILITY = YES_AGGRESSIVE;
				CLANG_WARN_UNREACHABLE_CODE = YES;
				CLANG_WARN__DUPLICATE_METHOD_MATCH = YES;
				COPY_PHASE_STRIP = NO;
				DEBUG_INFORMATION_FORMAT = "dwarf-with-dsym";
				ENABLE_NS_ASSERTIONS = NO;
				ENABLE_STRICT_OBJC_MSGSEND = YES;
				GCC_C_LANGUAGE_STANDARD = gnu11;
				GCC_NO_COMMON_BLOCKS = YES;
				GCC_WARN_64_TO_32_BIT_CONVERSION = YES;
				GCC_WARN_ABOUT_RETURN_TYPE = YES_ERROR;
				GCC_WARN_UNDECLARED_SELECTOR = YES;
				GCC_WARN_UNINITIALIZED_AUTOS = YES_AGGRESSIVE;
				GCC_WARN_UNUSED_FUNCTION = YES;
				GCC_WARN_UNUSED_VARIABLE = YES;
				IPHONEOS_DEPLOYMENT_TARGET = 14.3;
				MTL_ENABLE_DEBUG_INFO = NO;
				MTL_FAST_MATH = YES;
				SDKROOT = iphoneos;
				SWIFT_COMPILATION_MODE = wholemodule;
				SWIFT_OPTIMIZATION_LEVEL = "-O";
				VALIDATE_PRODUCT = YES;
			};
			name = Release;
		};
		A9383C0825A9DE0E00F803D2 /* Debug */ = {
			isa = XCBuildConfiguration;
			baseConfigurationReference = BB6D9E1C17A776CE2497364C /* Pods-Stay.debug.xcconfig */;
			buildSettings = {
				ASSETCATALOG_COMPILER_APPICON_NAME = AppIcon;
				ASSETCATALOG_COMPILER_GLOBAL_ACCENT_COLOR_NAME = AccentColor;
				CODE_SIGN_STYLE = Automatic;
				INFOPLIST_FILE = Stay/Info.plist;
				LD_RUNPATH_SEARCH_PATHS = (
					"$(inherited)",
					"@executable_path/Frameworks",
				);
				PRODUCT_BUNDLE_IDENTIFIER = sunnyangee.Stay;
				PRODUCT_NAME = "$(TARGET_NAME)";
				SWIFT_VERSION = 5.0;
				TARGETED_DEVICE_FAMILY = "1,2";
			};
			name = Debug;
		};
		A9383C0925A9DE0E00F803D2 /* Release */ = {
			isa = XCBuildConfiguration;
			baseConfigurationReference = 8D423DA40D269FC66DDC888A /* Pods-Stay.release.xcconfig */;
			buildSettings = {
				ASSETCATALOG_COMPILER_APPICON_NAME = AppIcon;
				ASSETCATALOG_COMPILER_GLOBAL_ACCENT_COLOR_NAME = AccentColor;
				CODE_SIGN_STYLE = Automatic;
				INFOPLIST_FILE = Stay/Info.plist;
				LD_RUNPATH_SEARCH_PATHS = (
					"$(inherited)",
					"@executable_path/Frameworks",
				);
				PRODUCT_BUNDLE_IDENTIFIER = sunnyangee.Stay;
				PRODUCT_NAME = "$(TARGET_NAME)";
				SWIFT_VERSION = 5.0;
				TARGETED_DEVICE_FAMILY = "1,2";
			};
			name = Release;
		};
		A9383C0B25A9DE0E00F803D2 /* Debug */ = {
			isa = XCBuildConfiguration;
			baseConfigurationReference = 0A04E6C063626E39D27139D2 /* Pods-StayTests.debug.xcconfig */;
			buildSettings = {
				ALWAYS_EMBED_SWIFT_STANDARD_LIBRARIES = YES;
				BUNDLE_LOADER = "$(TEST_HOST)";
				CODE_SIGN_STYLE = Automatic;
				INFOPLIST_FILE = StayTests/Info.plist;
				IPHONEOS_DEPLOYMENT_TARGET = 14.3;
				LD_RUNPATH_SEARCH_PATHS = (
					"$(inherited)",
					"@executable_path/Frameworks",
					"@loader_path/Frameworks",
				);
				PRODUCT_BUNDLE_IDENTIFIER = sunnyangee.StayTests;
				PRODUCT_NAME = "$(TARGET_NAME)";
				SWIFT_VERSION = 5.0;
				TARGETED_DEVICE_FAMILY = "1,2";
				TEST_HOST = "$(BUILT_PRODUCTS_DIR)/Stay.app/Stay";
			};
			name = Debug;
		};
		A9383C0C25A9DE0E00F803D2 /* Release */ = {
			isa = XCBuildConfiguration;
			baseConfigurationReference = 9BF2C5B0DF775E9DD965480F /* Pods-StayTests.release.xcconfig */;
			buildSettings = {
				ALWAYS_EMBED_SWIFT_STANDARD_LIBRARIES = YES;
				BUNDLE_LOADER = "$(TEST_HOST)";
				CODE_SIGN_STYLE = Automatic;
				INFOPLIST_FILE = StayTests/Info.plist;
				IPHONEOS_DEPLOYMENT_TARGET = 14.3;
				LD_RUNPATH_SEARCH_PATHS = (
					"$(inherited)",
					"@executable_path/Frameworks",
					"@loader_path/Frameworks",
				);
				PRODUCT_BUNDLE_IDENTIFIER = sunnyangee.StayTests;
				PRODUCT_NAME = "$(TARGET_NAME)";
				SWIFT_VERSION = 5.0;
				TARGETED_DEVICE_FAMILY = "1,2";
				TEST_HOST = "$(BUILT_PRODUCTS_DIR)/Stay.app/Stay";
			};
			name = Release;
		};
		A9383C0E25A9DE0E00F803D2 /* Debug */ = {
			isa = XCBuildConfiguration;
			baseConfigurationReference = 9509A95E01E32AB341B37799 /* Pods-Stay-StayUITests.debug.xcconfig */;
			buildSettings = {
				ALWAYS_EMBED_SWIFT_STANDARD_LIBRARIES = YES;
				CODE_SIGN_STYLE = Automatic;
				INFOPLIST_FILE = StayUITests/Info.plist;
				LD_RUNPATH_SEARCH_PATHS = (
					"$(inherited)",
					"@executable_path/Frameworks",
					"@loader_path/Frameworks",
				);
				PRODUCT_BUNDLE_IDENTIFIER = sunnyangee.StayUITests;
				PRODUCT_NAME = "$(TARGET_NAME)";
				SWIFT_VERSION = 5.0;
				TARGETED_DEVICE_FAMILY = "1,2";
				TEST_TARGET_NAME = Stay;
			};
			name = Debug;
		};
		A9383C0F25A9DE0E00F803D2 /* Release */ = {
			isa = XCBuildConfiguration;
			baseConfigurationReference = DBBE744DA31116500434D629 /* Pods-Stay-StayUITests.release.xcconfig */;
			buildSettings = {
				ALWAYS_EMBED_SWIFT_STANDARD_LIBRARIES = YES;
				CODE_SIGN_STYLE = Automatic;
				INFOPLIST_FILE = StayUITests/Info.plist;
				LD_RUNPATH_SEARCH_PATHS = (
					"$(inherited)",
					"@executable_path/Frameworks",
					"@loader_path/Frameworks",
				);
				PRODUCT_BUNDLE_IDENTIFIER = sunnyangee.StayUITests;
				PRODUCT_NAME = "$(TARGET_NAME)";
				SWIFT_VERSION = 5.0;
				TARGETED_DEVICE_FAMILY = "1,2";
				TEST_TARGET_NAME = Stay;
			};
			name = Release;
		};
/* End XCBuildConfiguration section */

/* Begin XCConfigurationList section */
		A9383BD825A9DE0D00F803D2 /* Build configuration list for PBXProject "Stay" */ = {
			isa = XCConfigurationList;
			buildConfigurations = (
				A9383C0525A9DE0E00F803D2 /* Debug */,
				A9383C0625A9DE0E00F803D2 /* Release */,
			);
			defaultConfigurationIsVisible = 0;
			defaultConfigurationName = Release;
		};
		A9383C0725A9DE0E00F803D2 /* Build configuration list for PBXNativeTarget "Stay" */ = {
			isa = XCConfigurationList;
			buildConfigurations = (
				A9383C0825A9DE0E00F803D2 /* Debug */,
				A9383C0925A9DE0E00F803D2 /* Release */,
			);
			defaultConfigurationIsVisible = 0;
			defaultConfigurationName = Release;
		};
		A9383C0A25A9DE0E00F803D2 /* Build configuration list for PBXNativeTarget "StayTests" */ = {
			isa = XCConfigurationList;
			buildConfigurations = (
				A9383C0B25A9DE0E00F803D2 /* Debug */,
				A9383C0C25A9DE0E00F803D2 /* Release */,
			);
			defaultConfigurationIsVisible = 0;
			defaultConfigurationName = Release;
		};
		A9383C0D25A9DE0E00F803D2 /* Build configuration list for PBXNativeTarget "StayUITests" */ = {
			isa = XCConfigurationList;
			buildConfigurations = (
				A9383C0E25A9DE0E00F803D2 /* Debug */,
				A9383C0F25A9DE0E00F803D2 /* Release */,
			);
			defaultConfigurationIsVisible = 0;
			defaultConfigurationName = Release;
		};
/* End XCConfigurationList section */
	};
	rootObject = A9383BD525A9DE0D00F803D2 /* Project object */;
}
